
Microsoft Visual Studio Solution File, Format Version 12.00
# Visual Studio Version 17
VisualStudioVersion = 17.12.35514.174
MinimumVisualStudioVersion = 10.0.40219.1
Project("{FAE04EC0-301F-11D3-BF4B-00C04F79EFBC}") = "hhhhhh", "hhhhhh.csproj", "{460C6A7B-57D2-4414-A3E6-1E2D548E0F97}"
EndProject
Project("{FAE04EC0-301F-11D3-BF4B-00C04F79EFBC}") = "2024-11-25-c#", "..\2024-11-25-c#\2024-11-25-c#.csproj", "{2EF57DE4-7A3E-4F86-AB22-DC716490E95B}"
EndProject
Project("{FAE04EC0-301F-11D3-BF4B-00C04F79EFBC}") = "Super", "..\Super\Super.csproj", "{F5C536F7-DF66-40B3-AAB4-3EE39CC2A11C}"
EndProject
Global
	GlobalSection(SolutionConfigurationPlatforms) = preSolution
		Debug|Any CPU = Debug|Any CPU
		Release|Any CPU = Release|Any CPU
	EndGlobalSection
	GlobalSection(ProjectConfigurationPlatforms) = postSolution
		{460C6A7B-57D2-4414-A3E6-1E2D548E0F97}.Debug|Any CPU.ActiveCfg = Debug|Any CPU
		{460C6A7B-57D2-4414-A3E6-1E2D548E0F97}.Debug|Any CPU.Build.0 = Debug|Any CPU
		{460C6A7B-57D2-4414-A3E6-1E2D548E0F97}.Release|Any CPU.ActiveCfg = Release|Any CPU
		{460C6A7B-57D2-4414-A3E6-1E2D548E0F97}.Release|Any CPU.Build.0 = Release|Any CPU
		{2EF57DE4-7A3E-4F86-AB22-DC716490E95B}.Debug|Any CPU.ActiveCfg = Debug|Any CPU
		{2EF57DE4-7A3E-4F86-AB22-DC716490E95B}.Debug|Any CPU.Build.0 = Debug|Any CPU
		{2EF57DE4-7A3E-4F86-AB22-DC716490E95B}.Release|Any CPU.ActiveCfg = Release|Any CPU
		{2EF57DE4-7A3E-4F86-AB22-DC716490E95B}.Release|Any CPU.Build.0 = Release|Any CPU
		{F5C536F7-DF66-40B3-AAB4-3EE39CC2A11C}.Debug|Any CPU.ActiveCfg = Debug|Any CPU
		{F5C536F7-DF66-40B3-AAB4-3EE39CC2A11C}.Debug|Any CPU.Build.0 = Debug|Any CPU
		{F5C536F7-DF66-40B3-AAB4-3EE39CC2A11C}.Release|Any CPU.ActiveCfg = Release|Any CPU
		{F5C536F7-DF66-40B3-AAB4-3EE39CC2A11C}.Release|Any CPU.Build.0 = Release|Any CPU
	EndGlobalSection
	GlobalSection(SolutionProperties) = preSolution
		HideSolutionNode = FALSE
	EndGlobalSection
EndGlobal
